// !$*UTF8*$!
{
	archiveVersion = 1;
	classes = {
	};
	objectVersion = 46;
	objects = {

/* Begin PBXBuildFile section */
		887750771A7C2A71003B39DF /* AppDelegate.swift in Sources */ = {isa = PBXBuildFile; fileRef = 887750761A7C2A71003B39DF /* AppDelegate.swift */; };
		887750791A7C2A71003B39DF /* ViewController.swift in Sources */ = {isa = PBXBuildFile; fileRef = 887750781A7C2A71003B39DF /* ViewController.swift */; };
		8877507C1A7C2A71003B39DF /* Main.storyboard in Resources */ = {isa = PBXBuildFile; fileRef = 8877507A1A7C2A71003B39DF /* Main.storyboard */; };
		8877507E1A7C2A71003B39DF /* Images.xcassets in Resources */ = {isa = PBXBuildFile; fileRef = 8877507D1A7C2A71003B39DF /* Images.xcassets */; };
		887750811A7C2A71003B39DF /* LaunchScreen.xib in Resources */ = {isa = PBXBuildFile; fileRef = 8877507F1A7C2A71003B39DF /* LaunchScreen.xib */; };
		8877508D1A7C2A72003B39DF /* PostcardTests.swift in Sources */ = {isa = PBXBuildFile; fileRef = 8877508C1A7C2A72003B39DF /* PostcardTests.swift */; };
/* End PBXBuildFile section */

/* Begin PBXContainerItemProxy section */
		887750871A7C2A72003B39DF /* PBXContainerItemProxy */ = {
			isa = PBXContainerItemProxy;
			containerPortal = 887750691A7C2A71003B39DF /* Project object */;
			proxyType = 1;
			remoteGlobalIDString = 887750701A7C2A71003B39DF;
			remoteInfo = Postcard;
		};
/* End PBXContainerItemProxy section */

/* Begin PBXFileReference section */
		887750711A7C2A71003B39DF /* Postcard.app */ = {isa = PBXFileReference; explicitFileType = wrapper.application; includeInIndex = 0; path = Postcard.app; sourceTree = BUILT_PRODUCTS_DIR; };
		887750751A7C2A71003B39DF /* Info.plist */ = {isa = PBXFileReference; lastKnownFileType = text.plist.xml; path = Info.plist; sourceTree = "<group>"; };
		887750761A7C2A71003B39DF /* AppDelegate.swift */ = {isa = PBXFileReference; lastKnownFileType = sourcecode.swift; path = AppDelegate.swift; sourceTree = "<group>"; };
		887750781A7C2A71003B39DF /* ViewController.swift */ = {isa = PBXFileReference; lastKnownFileType = sourcecode.swift; path = ViewController.swift; sourceTree = "<group>"; };
		8877507B1A7C2A71003B39DF /* Base */ = {isa = PBXFileReference; lastKnownFileType = file.storyboard; name = Base; path = Base.lproj/Main.storyboard; sourceTree = "<group>"; };
		8877507D1A7C2A71003B39DF /* Images.xcassets */ = {isa = PBXFileReference; lastKnownFileType = folder.assetcatalog; path = Images.xcassets; sourceTree = "<group>"; };
		887750801A7C2A71003B39DF /* Base */ = {isa = PBXFileReference; lastKnownFileType = file.xib; name = Base; path = Base.lproj/LaunchScreen.xib; sourceTree = "<group>"; };
		887750861A7C2A72003B39DF /* PostcardTests.xctest */ = {isa = PBXFileReference; explicitFileType = wrapper.cfbundle; includeInIndex = 0; path = PostcardTests.xctest; sourceTree = BUILT_PRODUCTS_DIR; };
		8877508B1A7C2A72003B39DF /* Info.plist */ = {isa = PBXFileReference; lastKnownFileType = text.plist.xml; path = Info.plist; sourceTree = "<group>"; };
		8877508C1A7C2A72003B39DF /* PostcardTests.swift */ = {isa = PBXFileReference; lastKnownFileType = sourcecode.swift; path = PostcardTests.swift; sourceTree = "<group>"; };
/* End PBXFileReference section */

/* Begin PBXFrameworksBuildPhase section */
		8877506E1A7C2A71003B39DF /* Frameworks */ = {
			isa = PBXFrameworksBuildPhase;
			buildActionMask = 2147483647;
			files = (
			);
			runOnlyForDeploymentPostprocessing = 0;
		};
		887750831A7C2A72003B39DF /* Frameworks */ = {
			isa = PBXFrameworksBuildPhase;
			buildActionMask = 2147483647;
			files = (
			);
			runOnlyForDeploymentPostprocessing = 0;
		};
/* End PBXFrameworksBuildPhase section */

/* Begin PBXGroup section */
		887750681A7C2A71003B39DF = {
			isa = PBXGroup;
			children = (
				887750731A7C2A71003B39DF /* Postcard */,
				887750891A7C2A72003B39DF /* PostcardTests */,
				887750721A7C2A71003B39DF /* Products */,
			);
			sourceTree = "<group>";
		};
		887750721A7C2A71003B39DF /* Products */ = {
			isa = PBXGroup;
			children = (
				887750711A7C2A71003B39DF /* Postcard.app */,
				887750861A7C2A72003B39DF /* PostcardTests.xctest */,
			);
			name = Products;
			sourceTree = "<group>";
		};
		887750731A7C2A71003B39DF /* Postcard */ = {
			isa = PBXGroup;
			children = (
				887750761A7C2A71003B39DF /* AppDelegate.swift */,
				887750781A7C2A71003B39DF /* ViewController.swift */,
				8877507A1A7C2A71003B39DF /* Main.storyboard */,
				8877507D1A7C2A71003B39DF /* Images.xcassets */,
				8877507F1A7C2A71003B39DF /* LaunchScreen.xib */,
				887750741A7C2A71003B39DF /* Supporting Files */,
			);
			path = Postcard;
			sourceTree = "<group>";
		};
		887750741A7C2A71003B39DF /* Supporting Files */ = {
			isa = PBXGroup;
			children = (
				887750751A7C2A71003B39DF /* Info.plist */,
			);
			name = "Supporting Files";
			sourceTree = "<group>";
		};
		887750891A7C2A72003B39DF /* PostcardTests */ = {
			isa = PBXGroup;
			children = (
				8877508C1A7C2A72003B39DF /* PostcardTests.swift */,
				8877508A1A7C2A72003B39DF /* Supporting Files */,
			);
			path = PostcardTests;
			sourceTree = "<group>";
		};
		8877508A1A7C2A72003B39DF /* Supporting Files */ = {
			isa = PBXGroup;
			children = (
				8877508B1A7C2A72003B39DF /* Info.plist */,
			);
			name = "Supporting Files";
			sourceTree = "<group>";
		};
/* End PBXGroup section */

/* Begin PBXNativeTarget section */
		887750701A7C2A71003B39DF /* Postcard */ = {
			isa = PBXNativeTarget;
			buildConfigurationList = 887750901A7C2A72003B39DF /* Build configuration list for PBXNativeTarget "Postcard" */;
			buildPhases = (
				8877506D1A7C2A71003B39DF /* Sources */,
				8877506E1A7C2A71003B39DF /* Frameworks */,
				8877506F1A7C2A71003B39DF /* Resources */,
			);
			buildRules = (
			);
			dependencies = (
			);
			name = Postcard;
			productName = Postcard;
			productReference = 887750711A7C2A71003B39DF /* Postcard.app */;
			productType = "com.apple.product-type.application";
		};
		887750851A7C2A72003B39DF /* PostcardTests */ = {
			isa = PBXNativeTarget;
			buildConfigurationList = 887750931A7C2A72003B39DF /* Build configuration list for PBXNativeTarget "PostcardTests" */;
			buildPhases = (
				887750821A7C2A72003B39DF /* Sources */,
				887750831A7C2A72003B39DF /* Frameworks */,
				887750841A7C2A72003B39DF /* Resources */,
			);
			buildRules = (
			);
			dependencies = (
				887750881A7C2A72003B39DF /* PBXTargetDependency */,
			);
			name = PostcardTests;
			productName = PostcardTests;
			productReference = 887750861A7C2A72003B39DF /* PostcardTests.xctest */;
			productType = "com.apple.product-type.bundle.unit-test";
		};
/* End PBXNativeTarget section */

/* Begin PBXProject section */
		887750691A7C2A71003B39DF /* Project object */ = {
			isa = PBXProject;
			attributes = {
				LastUpgradeCheck = 0610;
				ORGANIZATIONNAME = "Atom Group, Inc";
				TargetAttributes = {
					887750701A7C2A71003B39DF = {
						CreatedOnToolsVersion = 6.1.1;
					};
					887750851A7C2A72003B39DF = {
						CreatedOnToolsVersion = 6.1.1;
						TestTargetID = 887750701A7C2A71003B39DF;
					};
				};
			};
			buildConfigurationList = 8877506C1A7C2A71003B39DF /* Build configuration list for PBXProject "Postcard" */;
			compatibilityVersion = "Xcode 3.2";
			developmentRegion = English;
			hasScannedForEncodings = 0;
			knownRegions = (
				en,
				Base,
			);
			mainGroup = 887750681A7C2A71003B39DF;
			productRefGroup = 887750721A7C2A71003B39DF /* Products */;
			projectDirPath = "";
			projectRoot = "";
			targets = (
				887750701A7C2A71003B39DF /* Postcard */,
				887750851A7C2A72003B39DF /* PostcardTests */,
			);
		};
/* End PBXProject section */

/* Begin PBXResourcesBuildPhase section */
		8877506F1A7C2A71003B39DF /* Resources */ = {
			isa = PBXResourcesBuildPhase;
			buildActionMask = 2147483647;
			files = (
				8877507C1A7C2A71003B39DF /* Main.storyboard in Resources */,
				887750811A7C2A71003B39DF /* LaunchScreen.xib in Resources */,
				8877507E1A7C2A71003B39DF /* Images.xcassets in Resources */,
			);
			runOnlyForDeploymentPostprocessing = 0;
		};
		887750841A7C2A72003B39DF /* Resources */ = {
			isa = PBXResourcesBuildPhase;
			buildActionMask = 2147483647;
			files = (
			);
			runOnlyForDeploymentPostprocessing = 0;
		};
/* End PBXResourcesBuildPhase section */

/* Begin PBXSourcesBuildPhase section */
		8877506D1A7C2A71003B39DF /* Sources */ = {
			isa = PBXSourcesBuildPhase;
			buildActionMask = 2147483647;
			files = (
				887750791A7C2A71003B39DF /* ViewController.swift in Sources */,
				887750771A7C2A71003B39DF /* AppDelegate.swift in Sources */,
			);
			runOnlyForDeploymentPostprocessing = 0;
		};
		887750821A7C2A72003B39DF /* Sources */ = {
			isa = PBXSourcesBuildPhase;
			buildActionMask = 2147483647;
			files = (
				8877508D1A7C2A72003B39DF /* PostcardTests.swift in Sources */,
			);
			runOnlyForDeploymentPostprocessing = 0;
		};
/* End PBXSourcesBuildPhase section */

/* Begin PBXTargetDependency section */
		887750881A7C2A72003B39DF /* PBXTargetDependency */ = {
			isa = PBXTargetDependency;
			target = 887750701A7C2A71003B39DF /* Postcard */;
			targetProxy = 887750871A7C2A72003B39DF /* PBXContainerItemProxy */;
		};
/* End PBXTargetDependency section */

/* Begin PBXVariantGroup section */
		8877507A1A7C2A71003B39DF /* Main.storyboard */ = {
			isa = PBXVariantGroup;
			children = (
				8877507B1A7C2A71003B39DF /* Base */,
			);
			name = Main.storyboard;
			sourceTree = "<group>";
		};
		8877507F1A7C2A71003B39DF /* LaunchScreen.xib */ = {
			isa = PBXVariantGroup;
			children = (
				887750801A7C2A71003B39DF /* Base */,
			);
			name = LaunchScreen.xib;
			sourceTree = "<group>";
		};
/* End PBXVariantGroup section */

/* Begin XCBuildConfiguration section */
		8877508E1A7C2A72003B39DF /* Debug */ = {
			isa = XCBuildConfiguration;
			buildSettings = {
				ALWAYS_SEARCH_USER_PATHS = NO;
				CLANG_CXX_LANGUAGE_STANDARD = "gnu++0x";
				CLANG_CXX_LIBRARY = "libc++";
				CLANG_ENABLE_MODULES = YES;
				CLANG_ENABLE_OBJC_ARC = YES;
				CLANG_WARN_BOOL_CONVERSION = YES;
				CLANG_WARN_CONSTANT_CONVERSION = YES;
				CLANG_WARN_DIRECT_OBJC_ISA_USAGE = YES_ERROR;
				CLANG_WARN_EMPTY_BODY = YES;
				CLANG_WARN_ENUM_CONVERSION = YES;
				CLANG_WARN_INT_CONVERSION = YES;
				CLANG_WARN_OBJC_ROOT_CLASS = YES_ERROR;
				CLANG_WARN_UNREACHABLE_CODE = YES;
				CLANG_WARN__DUPLICATE_METHOD_MATCH = YES;
				"CODE_SIGN_IDENTITY[sdk=iphoneos*]" = "iPhone Developer";
				COPY_PHASE_STRIP = NO;
				ENABLE_STRICT_OBJC_MSGSEND = YES;
				GCC_C_LANGUAGE_STANDARD = gnu99;
				GCC_DYNAMIC_NO_PIC = NO;
				GCC_OPTIMIZATION_LEVEL = 0;
				GCC_PREPROCESSOR_DEFINITIONS = (
					"DEBUG=1",
					"$(inherited)",
				);
				GCC_SYMBOLS_PRIVATE_EXTERN = NO;
				GCC_WARN_64_TO_32_BIT_CONVERSION = YES;
				GCC_WARN_ABOUT_RETURN_TYPE = YES_ERROR;
				GCC_WARN_UNDECLARED_SELECTOR = YES;
				GCC_WARN_UNINITIALIZED_AUTOS = YES_AGGRESSIVE;
				GCC_WARN_UNUSED_FUNCTION = YES;
				GCC_WARN_UNUSED_VARIABLE = YES;
				IPHONEOS_DEPLOYMENT_TARGET = 8.1;
				MTL_ENABLE_DEBUG_INFO = YES;
				ONLY_ACTIVE_ARCH = YES;
				SDKROOT = iphoneos;
				SWIFT_OPTIMIZATION_LEVEL = "-Onone";
				TARGETED_DEVICE_FAMILY = "1,2";
			};
			name = Debug;
		};
		8877508F1A7C2A72003B39DF /* Release */ = {
			isa = XCBuildConfiguration;
			buildSettings = {
				ALWAYS_SEARCH_USER_PATHS = NO;
				CLANG_CXX_LANGUAGE_STANDARD = "gnu++0x";
				CLANG_CXX_LIBRARY = "libc++";
				CLANG_ENABLE_MODULES = YES;
				CLANG_ENABLE_OBJC_ARC = YES;
				CLANG_WARN_BOOL_CONVERSION = YES;
				CLANG_WARN_CONSTANT_CONVERSION = YES;
				CLANG_WARN_DIRECT_OBJC_ISA_USAGE = YES_ERROR;
				CLANG_WARN_EMPTY_BODY = YES;
				CLANG_WARN_ENUM_CONVERSION = YES;
				CLANG_WARN_INT_CONVERSION = YES;
				CLANG_WARN_OBJC_ROOT_CLASS = YES_ERROR;
				CLANG_WARN_UNREACHABLE_CODE = YES;
				CLANG_WARN__DUPLICATE_METHOD_MATCH = YES;
				"CODE_SIGN_IDENTITY[sdk=iphoneos*]" = "iPhone Developer";
				COPY_PHASE_STRIP = YES;
				ENABLE_NS_ASSERTIONS = NO;
				ENABLE_STRICT_OBJC_MSGSEND = YES;
				GCC_C_LANGUAGE_STANDARD = gnu99;
				GCC_WARN_64_TO_32_BIT_CONVERSION = YES;
				GCC_WARN_ABOUT_RETURN_TYPE = YES_ERROR;
				GCC_WARN_UNDECLARED_SELECTOR = YES;
				GCC_WARN_UNINITIALIZED_AUTOS = YES_AGGRESSIVE;
				GCC_WARN_UNUSED_FUNCTION = YES;
				GCC_WARN_UNUSED_VARIABLE = YES;
				IPHONEOS_DEPLOYMENT_TARGET = 8.1;
				MTL_ENABLE_DEBUG_INFO = NO;
				SDKROOT = iphoneos;
				TARGETED_DEVICE_FAMILY = "1,2";
				VALIDATE_PRODUCT = YES;
			};
			name = Release;
		};
		887750911A7C2A72003B39DF /* Debug */ = {
			isa = XCBuildConfiguration;
			buildSettings = {
				ASSETCATALOG_COMPILER_APPICON_NAME = AppIcon;
				INFOPLIST_FILE = Postcard/Info.plist;
				LD_RUNPATH_SEARCH_PATHS = "$(inherited) @executable_path/Frameworks";
				PRODUCT_NAME = "$(TARGET_NAME)";
			};
			name = Debug;
		};
		887750921A7C2A72003B39DF /* Release */ = {
			isa = XCBuildConfiguration;
			buildSettings = {
				ASSETCATALOG_COMPILER_APPICON_NAME = AppIcon;
				INFOPLIST_FILE = Postcard/Info.plist;
				LD_RUNPATH_SEARCH_PATHS = "$(inherited) @executable_path/Frameworks";
				PRODUCT_NAME = "$(TARGET_NAME)";
			};
			name = Release;
		};
		887750941A7C2A72003B39DF /* Debug */ = {
			isa = XCBuildConfiguration;
			buildSettings = {
				BUNDLE_LOADER = "$(TEST_HOST)";
				FRAMEWORK_SEARCH_PATHS = (
					"$(SDKROOT)/Developer/Library/Frameworks",
					"$(inherited)",
				);
				GCC_PREPROCESSOR_DEFINITIONS = (
					"DEBUG=1",
					"$(inherited)",
				);
				INFOPLIST_FILE = PostcardTests/Info.plist;
				LD_RUNPATH_SEARCH_PATHS = "$(inherited) @executable_path/Frameworks @loader_path/Frameworks";
				PRODUCT_NAME = "$(TARGET_NAME)";
				TEST_HOST = "$(BUILT_PRODUCTS_DIR)/Postcard.app/Postcard";
			};
			name = Debug;
		};
		887750951A7C2A72003B39DF /* Release */ = {
			isa = XCBuildConfiguration;
			buildSettings = {
				BUNDLE_LOADER = "$(TEST_HOST)";
				FRAMEWORK_SEARCH_PATHS = (
					"$(SDKROOT)/Developer/Library/Frameworks",
					"$(inherited)",
				);
				INFOPLIST_FILE = PostcardTests/Info.plist;
				LD_RUNPATH_SEARCH_PATHS = "$(inherited) @executable_path/Frameworks @loader_path/Frameworks";
				PRODUCT_NAME = "$(TARGET_NAME)";
				TEST_HOST = "$(BUILT_PRODUCTS_DIR)/Postcard.app/Postcard";
			};
			name = Release;
		};
/* End XCBuildConfiguration section */

/* Begin XCConfigurationList section */
		8877506C1A7C2A71003B39DF /* Build configuration list for PBXProject "Postcard" */ = {
			isa = XCConfigurationList;
			buildConfigurations = (
				8877508E1A7C2A72003B39DF /* Debug */,
				8877508F1A7C2A72003B39DF /* Release */,
			);
			defaultConfigurationIsVisible = 0;
			defaultConfigurationName = Release;
		};
		887750901A7C2A72003B39DF /* Build configuration list for PBXNativeTarget "Postcard" */ = {
			isa = XCConfigurationList;
			buildConfigurations = (
				887750911A7C2A72003B39DF /* Debug */,
				887750921A7C2A72003B39DF /* Release */,
			);
			defaultConfigurationIsVisible = 0;
		};
		887750931A7C2A72003B39DF /* Build configuration list for PBXNativeTarget "PostcardTests" */ = {
			isa = XCConfigurationList;
			buildConfigurations = (
				887750941A7C2A72003B39DF /* Debug */,
				887750951A7C2A72003B39DF /* Release */,
			);
			defaultConfigurationIsVisible = 0;
		};
/* End XCConfigurationList section */
	};
	rootObject = 887750691A7C2A71003B39DF /* Project object */;
}
